{
  "object": {
    "pins": [
      {
        "package": "AdmiralCore",
        "repositoryURL": "git@github.com:admiral-team/AdmiralCore.git",
        "state": {
          "branch": null,
          "revision": "76afde4bff210cccd2ecbadb423c14c3ef6f92a9",
          "version": "0.0.1"
        }
      },
      {
        "package": "AdmiralTheme",
        "repositoryURL": "git@github.com:admiral-team/AdmiralTheme.git",
        "state": {
          "branch": null,
          "revision": "3f157719673a9cd5d58d2e21b8b9e4fa41b1b3ba",
          "version": "0.0.1"
        }
      }
    ]
  },
  "version": 1
}
